// !$*UTF8*$!
{
	archiveVersion = 1;
	classes = {
	};
	objectVersion = 46;
	objects = {

/* Begin PBXBuildFile section */
		0A10C7761C30BAA3000B5EAA /* cpu.c in Sources */ = {isa = PBXBuildFile; fileRef = 0A10C7731C30BAA3000B5EAA /* cpu.c */; };
		0A10C7771C30BAA3000B5EAA /* main.c in Sources */ = {isa = PBXBuildFile; fileRef = 0A10C7751C30BAA3000B5EAA /* main.c */; };
		0A10C7791C3173DF000B5EAA /* README.md in Sources */ = {isa = PBXBuildFile; fileRef = 0A10C7781C3173DF000B5EAA /* README.md */; };
/* End PBXBuildFile section */

/* Begin PBXCopyFilesBuildPhase section */
		0A10C7671C30BA70000B5EAA /* CopyFiles */ = {
			isa = PBXCopyFilesBuildPhase;
			buildActionMask = 2147483647;
			dstPath = /usr/share/man/man1/;
			dstSubfolderSpec = 0;
			files = (
			);
			runOnlyForDeploymentPostprocessing = 1;
		};
/* End PBXCopyFilesBuildPhase section */

/* Begin PBXFileReference section */
		0A10C7691C30BA70000B5EAA /* stack_emulator */ = {isa = PBXFileReference; explicitFileType = "compiled.mach-o.executable"; includeInIndex = 0; path = stack_emulator; sourceTree = BUILT_PRODUCTS_DIR; };
		0A10C7731C30BAA3000B5EAA /* cpu.c */ = {isa = PBXFileReference; fileEncoding = 4; lastKnownFileType = sourcecode.c.c; path = cpu.c; sourceTree = "<group>"; };
		0A10C7741C30BAA3000B5EAA /* cpu.h */ = {isa = PBXFileReference; fileEncoding = 4; lastKnownFileType = sourcecode.c.h; path = cpu.h; sourceTree = "<group>"; };
		0A10C7751C30BAA3000B5EAA /* main.c */ = {isa = PBXFileReference; fileEncoding = 4; lastKnownFileType = sourcecode.c.c; path = main.c; sourceTree = "<group>"; };
		0A10C7781C3173DF000B5EAA /* README.md */ = {isa = PBXFileReference; fileEncoding = 4; lastKnownFileType = net.daringfireball.markdown; path = README.md; sourceTree = "<group>"; };
/* End PBXFileReference section */

/* Begin PBXFrameworksBuildPhase section */
		0A10C7661C30BA70000B5EAA /* Frameworks */ = {
			isa = PBXFrameworksBuildPhase;
			buildActionMask = 2147483647;
			files = (
			);
			runOnlyForDeploymentPostprocessing = 0;
		};
/* End PBXFrameworksBuildPhase section */

/* Begin PBXGroup section */
		0A10C7601C30BA70000B5EAA = {
			isa = PBXGroup;
			children = (
				0A10C7781C3173DF000B5EAA /* README.md */,
				0A10C76B1C30BA70000B5EAA /* stack_emulator */,
				0A10C76A1C30BA70000B5EAA /* Products */,
			);
			sourceTree = "<group>";
		};
		0A10C76A1C30BA70000B5EAA /* Products */ = {
			isa = PBXGroup;
			children = (
				0A10C7691C30BA70000B5EAA /* stack_emulator */,
			);
			name = Products;
			sourceTree = "<group>";
		};
		0A10C76B1C30BA70000B5EAA /* stack_emulator */ = {
			isa = PBXGroup;
			children = (
				0A10C7731C30BAA3000B5EAA /* cpu.c */,
				0A10C7741C30BAA3000B5EAA /* cpu.h */,
				0A10C7751C30BAA3000B5EAA /* main.c */,
			);
			path = stack_emulator;
			sourceTree = "<group>";
		};
/* End PBXGroup section */

/* Begin PBXNativeTarget section */
		0A10C7681C30BA70000B5EAA /* stack_emulator */ = {
			isa = PBXNativeTarget;
			buildConfigurationList = 0A10C7701C30BA70000B5EAA /* Build configuration list for PBXNativeTarget "stack_emulator" */;
			buildPhases = (
				0A10C7651C30BA70000B5EAA /* Sources */,
				0A10C7661C30BA70000B5EAA /* Frameworks */,
				0A10C7671C30BA70000B5EAA /* CopyFiles */,
			);
			buildRules = (
			);
			dependencies = (
			);
			name = stack_emulator;
			productName = stack_emulator;
			productReference = 0A10C7691C30BA70000B5EAA /* stack_emulator */;
			productType = "com.apple.product-type.tool";
		};
/* End PBXNativeTarget section */

/* Begin PBXProject section */
		0A10C7611C30BA70000B5EAA /* Project object */ = {
			isa = PBXProject;
			attributes = {
				LastUpgradeCheck = 0720;
				ORGANIZATIONNAME = "Michael Nolan";
				TargetAttributes = {
					0A10C7681C30BA70000B5EAA = {
						CreatedOnToolsVersion = 7.2;
					};
				};
			};
			buildConfigurationList = 0A10C7641C30BA70000B5EAA /* Build configuration list for PBXProject "stack_emulator" */;
			compatibilityVersion = "Xcode 3.2";
			developmentRegion = English;
			hasScannedForEncodings = 0;
			knownRegions = (
				en,
			);
			mainGroup = 0A10C7601C30BA70000B5EAA;
			productRefGroup = 0A10C76A1C30BA70000B5EAA /* Products */;
			projectDirPath = "";
			projectRoot = "";
			targets = (
				0A10C7681C30BA70000B5EAA /* stack_emulator */,
			);
		};
/* End PBXProject section */

/* Begin PBXSourcesBuildPhase section */
		0A10C7651C30BA70000B5EAA /* Sources */ = {
			isa = PBXSourcesBuildPhase;
			buildActionMask = 2147483647;
			files = (
				0A10C7791C3173DF000B5EAA /* README.md in Sources */,
				0A10C7771C30BAA3000B5EAA /* main.c in Sources */,
				0A10C7761C30BAA3000B5EAA /* cpu.c in Sources */,
			);
			runOnlyForDeploymentPostprocessing = 0;
		};
/* End PBXSourcesBuildPhase section */

/* Begin XCBuildConfiguration section */
		0A10C76E1C30BA70000B5EAA /* Debug */ = {
			isa = XCBuildConfiguration;
			buildSettings = {
				ALWAYS_SEARCH_USER_PATHS = NO;
				CLANG_CXX_LANGUAGE_STANDARD = "gnu++0x";
				CLANG_CXX_LIBRARY = "libc++";
				CLANG_ENABLE_MODULES = YES;
				CLANG_ENABLE_OBJC_ARC = YES;
				CLANG_WARN_BOOL_CONVERSION = YES;
				CLANG_WARN_CONSTANT_CONVERSION = YES;
				CLANG_WARN_DIRECT_OBJC_ISA_USAGE = YES_ERROR;
				CLANG_WARN_EMPTY_BODY = YES;
				CLANG_WARN_ENUM_CONVERSION = YES;
				CLANG_WARN_INT_CONVERSION = YES;
				CLANG_WARN_OBJC_ROOT_CLASS = YES_ERROR;
				CLANG_WARN_UNREACHABLE_CODE = YES;
				CLANG_WARN__DUPLICATE_METHOD_MATCH = YES;
				CODE_SIGN_IDENTITY = "-";
				COPY_PHASE_STRIP = NO;
				DEBUG_INFORMATION_FORMAT = dwarf;
				ENABLE_STRICT_OBJC_MSGSEND = YES;
				ENABLE_TESTABILITY = YES;
				GCC_C_LANGUAGE_STANDARD = gnu99;
				GCC_DYNAMIC_NO_PIC = NO;
				GCC_NO_COMMON_BLOCKS = YES;
				GCC_OPTIMIZATION_LEVEL = 0;
				GCC_PREPROCESSOR_DEFINITIONS = (
					"DEBUG=1",
					"$(inherited)",
				);
				GCC_WARN_64_TO_32_BIT_CONVERSION = YES;
				GCC_WARN_ABOUT_RETURN_TYPE = YES_ERROR;
				GCC_WARN_UNDECLARED_SELECTOR = YES;
				GCC_WARN_UNINITIALIZED_AUTOS = YES_AGGRESSIVE;
				GCC_WARN_UNUSED_FUNCTION = YES;
				GCC_WARN_UNUSED_VARIABLE = YES;
				MACOSX_DEPLOYMENT_TARGET = 10.11;
				MTL_ENABLE_DEBUG_INFO = YES;
				ONLY_ACTIVE_ARCH = YES;
				SDKROOT = macosx;
			};
			name = Debug;
		};
		0A10C76F1C30BA70000B5EAA /* Release */ = {
			isa = XCBuildConfiguration;
			buildSettings = {
				ALWAYS_SEARCH_USER_PATHS = NO;
				CLANG_CXX_LANGUAGE_STANDARD = "gnu++0x";
				CLANG_CXX_LIBRARY = "libc++";
				CLANG_ENABLE_MODULES = YES;
				CLANG_ENABLE_OBJC_ARC = YES;
				CLANG_WARN_BOOL_CONVERSION = YES;
				CLANG_WARN_CONSTANT_CONVERSION = YES;
				CLANG_WARN_DIRECT_OBJC_ISA_USAGE = YES_ERROR;
				CLANG_WARN_EMPTY_BODY = YES;
				CLANG_WARN_ENUM_CONVERSION = YES;
				CLANG_WARN_INT_CONVERSION = YES;
				CLANG_WARN_OBJC_ROOT_CLASS = YES_ERROR;
				CLANG_WARN_UNREACHABLE_CODE = YES;
				CLANG_WARN__DUPLICATE_METHOD_MATCH = YES;
				CODE_SIGN_IDENTITY = "-";
				COPY_PHASE_STRIP = NO;
				DEBUG_INFORMATION_FORMAT = "dwarf-with-dsym";
				ENABLE_NS_ASSERTIONS = NO;
				ENABLE_STRICT_OBJC_MSGSEND = YES;
				GCC_C_LANGUAGE_STANDARD = gnu99;
				GCC_NO_COMMON_BLOCKS = YES;
				GCC_WARN_64_TO_32_BIT_CONVERSION = YES;
				GCC_WARN_ABOUT_RETURN_TYPE = YES_ERROR;
				GCC_WARN_UNDECLARED_SELECTOR = YES;
				GCC_WARN_UNINITIALIZED_AUTOS = YES_AGGRESSIVE;
				GCC_WARN_UNUSED_FUNCTION = YES;
				GCC_WARN_UNUSED_VARIABLE = YES;
				MACOSX_DEPLOYMENT_TARGET = 10.11;
				MTL_ENABLE_DEBUG_INFO = NO;
				SDKROOT = macosx;
			};
			name = Release;
		};
		0A10C7711C30BA70000B5EAA /* Debug */ = {
			isa = XCBuildConfiguration;
			buildSettings = {
				PRODUCT_NAME = "$(TARGET_NAME)";
			};
			name = Debug;
		};
		0A10C7721C30BA70000B5EAA /* Release */ = {
			isa = XCBuildConfiguration;
			buildSettings = {
				PRODUCT_NAME = "$(TARGET_NAME)";
			};
			name = Release;
		};
/* End XCBuildConfiguration section */

/* Begin XCConfigurationList section */
		0A10C7641C30BA70000B5EAA /* Build configuration list for PBXProject "stack_emulator" */ = {
			isa = XCConfigurationList;
			buildConfigurations = (
				0A10C76E1C30BA70000B5EAA /* Debug */,
				0A10C76F1C30BA70000B5EAA /* Release */,
			);
			defaultConfigurationIsVisible = 0;
			defaultConfigurationName = Release;
		};
		0A10C7701C30BA70000B5EAA /* Build configuration list for PBXNativeTarget "stack_emulator" */ = {
			isa = XCConfigurationList;
			buildConfigurations = (
				0A10C7711C30BA70000B5EAA /* Debug */,
				0A10C7721C30BA70000B5EAA /* Release */,
			);
			defaultConfigurationIsVisible = 0;
			defaultConfigurationName = Release;
		};
/* End XCConfigurationList section */
	};
	rootObject = 0A10C7611C30BA70000B5EAA /* Project object */;
}
